---
label: Text Block
hide_body: false
display_field: name
fields:
- type: boolean
  label: Show Module
  name: show_module
  default: true
- type: text
  label: Module Name
  config:
    required: true
  description: Doesn't display on the website. It is used for organization purposes.
  name: name
- type: textarea
  config:
    wysiwyg: true
    schema:
      format: markdown
  label: Content
  name: content
- type: field_group
  name: appearance
  label: Appearance
  fields:
  - type: select
    name: style
    config:
      source:
        type: simple
      required: true
      options:
      - light
      - dark
    label: Style
    default: light
